// !$*UTF8*$!
{
	archiveVersion = 1;
	classes = {
	};
	objectVersion = 56;
	objects = {

/* Begin PBXBuildFile section */
		DA1DC497293E12B400DC5143 /* Apollo in Frameworks */ = {isa = PBXBuildFile; productRef = DA1DC496293E12B400DC5143 /* Apollo */; };
		DA1DC499293E3C0E00DC5143 /* schema.json in Resources */ = {isa = PBXBuildFile; fileRef = DA1DC498293E3C0E00DC5143 /* schema.json */; };
		DA1DC49C293E3C8900DC5143 /* Query.graphql in Resources */ = {isa = PBXBuildFile; fileRef = DA1DC49B293E3C8900DC5143 /* Query.graphql */; };
		DA1DC49F293E412200DC5143 /* countries@current.graphqls in Resources */ = {isa = PBXBuildFile; fileRef = DA1DC49E293E412200DC5143 /* countries@current.graphqls */; };
		DA1DC4AD293E47FD00DC5143 /* Apollo.swift in Sources */ = {isa = PBXBuildFile; fileRef = DA1DC4AC293E47FD00DC5143 /* Apollo.swift */; };
		DA1DC4B0293E49D100DC5143 /* CountriesAPI in Frameworks */ = {isa = PBXBuildFile; productRef = DA1DC4AF293E49D100DC5143 /* CountriesAPI */; };
		DA27ED85294B368D00BE3AC2 /* CountryDetails.swift in Sources */ = {isa = PBXBuildFile; fileRef = DA27ED84294B368D00BE3AC2 /* CountryDetails.swift */; };
		DA27ED87294B379000BE3AC2 /* CountryList.swift in Sources */ = {isa = PBXBuildFile; fileRef = DA27ED86294B379000BE3AC2 /* CountryList.swift */; };
		DA27ED89294B381300BE3AC2 /* CountryListViewModel.swift in Sources */ = {isa = PBXBuildFile; fileRef = DA27ED88294B381300BE3AC2 /* CountryListViewModel.swift */; };
		DA27ED8B294B38B100BE3AC2 /* CountryListRow.swift in Sources */ = {isa = PBXBuildFile; fileRef = DA27ED8A294B38B100BE3AC2 /* CountryListRow.swift */; };
		DA27ED8D294B625C00BE3AC2 /* CountriesResponse.json in Resources */ = {isa = PBXBuildFile; fileRef = DA27ED8C294B625C00BE3AC2 /* CountriesResponse.json */; };
		DA27ED8F294B642100BE3AC2 /* MockData.swift in Sources */ = {isa = PBXBuildFile; fileRef = DA27ED8E294B642100BE3AC2 /* MockData.swift */; };
		DA27ED91294B666A00BE3AC2 /* Country.swift in Sources */ = {isa = PBXBuildFile; fileRef = DA27ED90294B666A00BE3AC2 /* Country.swift */; };
		DA27ED95294CA9F900BE3AC2 /* FavouriteButton.swift in Sources */ = {isa = PBXBuildFile; fileRef = DA27ED94294CA9F900BE3AC2 /* FavouriteButton.swift */; };
		DA27ED9A2950947000BE3AC2 /* CircularViewModifier.swift in Sources */ = {isa = PBXBuildFile; fileRef = DA27ED992950947000BE3AC2 /* CircularViewModifier.swift */; };
		DA27ED9C2950DC8B00BE3AC2 /* MeasureSizeViewModifier.swift in Sources */ = {isa = PBXBuildFile; fileRef = DA27ED9B2950DC8B00BE3AC2 /* MeasureSizeViewModifier.swift */; };
		DAAF7FFC293E0B6C009092FB /* GraphQL_CountryApp.swift in Sources */ = {isa = PBXBuildFile; fileRef = DAAF7FFB293E0B6C009092FB /* GraphQL_CountryApp.swift */; };
		DAAF8000293E0B6D009092FB /* Assets.xcassets in Resources */ = {isa = PBXBuildFile; fileRef = DAAF7FFF293E0B6D009092FB /* Assets.xcassets */; };
		DAAF8003293E0B6D009092FB /* Preview Assets.xcassets in Resources */ = {isa = PBXBuildFile; fileRef = DAAF8002293E0B6D009092FB /* Preview Assets.xcassets */; };
/* End PBXBuildFile section */

/* Begin PBXFileReference section */
		DA1DC498293E3C0E00DC5143 /* schema.json */ = {isa = PBXFileReference; fileEncoding = 4; lastKnownFileType = text.json; path = schema.json; sourceTree = "<group>"; };
		DA1DC49B293E3C8900DC5143 /* Query.graphql */ = {isa = PBXFileReference; lastKnownFileType = text; path = Query.graphql; sourceTree = "<group>"; };
		DA1DC49E293E412200DC5143 /* countries@current.graphqls */ = {isa = PBXFileReference; fileEncoding = 4; lastKnownFileType = text; path = "countries@current.graphqls"; sourceTree = "<group>"; };
		DA1DC4AB293E479100DC5143 /* CountriesAPI */ = {isa = PBXFileReference; lastKnownFileType = wrapper; path = CountriesAPI; sourceTree = "<group>"; };
		DA1DC4AC293E47FD00DC5143 /* Apollo.swift */ = {isa = PBXFileReference; lastKnownFileType = sourcecode.swift; path = Apollo.swift; sourceTree = "<group>"; };
		DA27ED84294B368D00BE3AC2 /* CountryDetails.swift */ = {isa = PBXFileReference; lastKnownFileType = sourcecode.swift; path = CountryDetails.swift; sourceTree = "<group>"; };
		DA27ED86294B379000BE3AC2 /* CountryList.swift */ = {isa = PBXFileReference; lastKnownFileType = sourcecode.swift; path = CountryList.swift; sourceTree = "<group>"; };
		DA27ED88294B381300BE3AC2 /* CountryListViewModel.swift */ = {isa = PBXFileReference; lastKnownFileType = sourcecode.swift; path = CountryListViewModel.swift; sourceTree = "<group>"; };
		DA27ED8A294B38B100BE3AC2 /* CountryListRow.swift */ = {isa = PBXFileReference; lastKnownFileType = sourcecode.swift; path = CountryListRow.swift; sourceTree = "<group>"; };
		DA27ED8C294B625C00BE3AC2 /* CountriesResponse.json */ = {isa = PBXFileReference; fileEncoding = 4; lastKnownFileType = text.json; path = CountriesResponse.json; sourceTree = "<group>"; };
		DA27ED8E294B642100BE3AC2 /* MockData.swift */ = {isa = PBXFileReference; lastKnownFileType = sourcecode.swift; path = MockData.swift; sourceTree = "<group>"; };
		DA27ED90294B666A00BE3AC2 /* Country.swift */ = {isa = PBXFileReference; lastKnownFileType = sourcecode.swift; path = Country.swift; sourceTree = "<group>"; };
		DA27ED94294CA9F900BE3AC2 /* FavouriteButton.swift */ = {isa = PBXFileReference; lastKnownFileType = sourcecode.swift; path = FavouriteButton.swift; sourceTree = "<group>"; };
		DA27ED992950947000BE3AC2 /* CircularViewModifier.swift */ = {isa = PBXFileReference; lastKnownFileType = sourcecode.swift; path = CircularViewModifier.swift; sourceTree = "<group>"; };
		DA27ED9B2950DC8B00BE3AC2 /* MeasureSizeViewModifier.swift */ = {isa = PBXFileReference; lastKnownFileType = sourcecode.swift; path = MeasureSizeViewModifier.swift; sourceTree = "<group>"; };
		DAAF7FF8293E0B6C009092FB /* GraphQL-Country.app */ = {isa = PBXFileReference; explicitFileType = wrapper.application; includeInIndex = 0; path = "GraphQL-Country.app"; sourceTree = BUILT_PRODUCTS_DIR; };
		DAAF7FFB293E0B6C009092FB /* GraphQL_CountryApp.swift */ = {isa = PBXFileReference; lastKnownFileType = sourcecode.swift; path = GraphQL_CountryApp.swift; sourceTree = "<group>"; };
		DAAF7FFF293E0B6D009092FB /* Assets.xcassets */ = {isa = PBXFileReference; lastKnownFileType = folder.assetcatalog; path = Assets.xcassets; sourceTree = "<group>"; };
		DAAF8002293E0B6D009092FB /* Preview Assets.xcassets */ = {isa = PBXFileReference; lastKnownFileType = folder.assetcatalog; path = "Preview Assets.xcassets"; sourceTree = "<group>"; };
/* End PBXFileReference section */

/* Begin PBXFrameworksBuildPhase section */
		DAAF7FF5293E0B6C009092FB /* Frameworks */ = {
			isa = PBXFrameworksBuildPhase;
			buildActionMask = 2147483647;
			files = (
				DA1DC4B0293E49D100DC5143 /* CountriesAPI in Frameworks */,
				DA1DC497293E12B400DC5143 /* Apollo in Frameworks */,
			);
			runOnlyForDeploymentPostprocessing = 0;
		};
/* End PBXFrameworksBuildPhase section */

/* Begin PBXGroup section */
		DA1DC49A293E3C5600DC5143 /* GraphQL */ = {
			isa = PBXGroup;
			children = (
				DA1DC49B293E3C8900DC5143 /* Query.graphql */,
				DA1DC498293E3C0E00DC5143 /* schema.json */,
				DA1DC49E293E412200DC5143 /* countries@current.graphqls */,
				DA1DC4AC293E47FD00DC5143 /* Apollo.swift */,
			);
			path = GraphQL;
			sourceTree = "<group>";
		};
		DA1DC4AA293E479100DC5143 /* Packages */ = {
			isa = PBXGroup;
			children = (
				DA1DC4AB293E479100DC5143 /* CountriesAPI */,
			);
			name = Packages;
			sourceTree = "<group>";
		};
		DA1DC4AE293E49D000DC5143 /* Frameworks */ = {
			isa = PBXGroup;
			children = (
			);
			name = Frameworks;
			sourceTree = "<group>";
		};
		DA27ED92294B667B00BE3AC2 /* Model */ = {
			isa = PBXGroup;
			children = (
				DA27ED8E294B642100BE3AC2 /* MockData.swift */,
				DA27ED90294B666A00BE3AC2 /* Country.swift */,
			);
			path = Model;
			sourceTree = "<group>";
		};
		DA27ED93294B696C00BE3AC2 /* CountryList */ = {
			isa = PBXGroup;
			children = (
				DA27ED86294B379000BE3AC2 /* CountryList.swift */,
				DA27ED8A294B38B100BE3AC2 /* CountryListRow.swift */,
				DA27ED88294B381300BE3AC2 /* CountryListViewModel.swift */,
			);
			path = CountryList;
			sourceTree = "<group>";
		};
		DA27ED96294CE83C00BE3AC2 /* CountryDetails */ = {
			isa = PBXGroup;
			children = (
				DA27ED84294B368D00BE3AC2 /* CountryDetails.swift */,
			);
			path = CountryDetails;
			sourceTree = "<group>";
		};
		DA27ED97294CE85E00BE3AC2 /* HelperViews */ = {
			isa = PBXGroup;
			children = (
				DA27ED992950947000BE3AC2 /* CircularViewModifier.swift */,
				DA27ED94294CA9F900BE3AC2 /* FavouriteButton.swift */,
				DA27ED9B2950DC8B00BE3AC2 /* MeasureSizeViewModifier.swift */,
			);
			path = HelperViews;
			sourceTree = "<group>";
		};
		DA27ED98294CEBB500BE3AC2 /* Resources */ = {
			isa = PBXGroup;
			children = (
				DA27ED8C294B625C00BE3AC2 /* CountriesResponse.json */,
			);
			path = Resources;
			sourceTree = "<group>";
		};
		DAAF7FEF293E0B6C009092FB = {
			isa = PBXGroup;
			children = (
				DA1DC4AA293E479100DC5143 /* Packages */,
				DAAF7FFA293E0B6C009092FB /* GraphQL-Country */,
				DAAF7FF9293E0B6C009092FB /* Products */,
				DA1DC4AE293E49D000DC5143 /* Frameworks */,
			);
			sourceTree = "<group>";
		};
		DAAF7FF9293E0B6C009092FB /* Products */ = {
			isa = PBXGroup;
			children = (
				DAAF7FF8293E0B6C009092FB /* GraphQL-Country.app */,
			);
			name = Products;
			sourceTree = "<group>";
		};
		DAAF7FFA293E0B6C009092FB /* GraphQL-Country */ = {
			isa = PBXGroup;
			children = (
				DAAF7FFB293E0B6C009092FB /* GraphQL_CountryApp.swift */,
				DA27ED98294CEBB500BE3AC2 /* Resources */,
				DA1DC49A293E3C5600DC5143 /* GraphQL */,
				DA27ED93294B696C00BE3AC2 /* CountryList */,
				DA27ED96294CE83C00BE3AC2 /* CountryDetails */,
				DA27ED97294CE85E00BE3AC2 /* HelperViews */,
				DA27ED92294B667B00BE3AC2 /* Model */,
				DAAF7FFF293E0B6D009092FB /* Assets.xcassets */,
				DAAF8001293E0B6D009092FB /* Preview Content */,
			);
			path = "GraphQL-Country";
			sourceTree = "<group>";
		};
		DAAF8001293E0B6D009092FB /* Preview Content */ = {
			isa = PBXGroup;
			children = (
				DAAF8002293E0B6D009092FB /* Preview Assets.xcassets */,
			);
			path = "Preview Content";
			sourceTree = "<group>";
		};
/* End PBXGroup section */

/* Begin PBXNativeTarget section */
		DAAF7FF7293E0B6C009092FB /* GraphQL-Country */ = {
			isa = PBXNativeTarget;
			buildConfigurationList = DAAF8006293E0B6D009092FB /* Build configuration list for PBXNativeTarget "GraphQL-Country" */;
			buildPhases = (
				DAAF7FF4293E0B6C009092FB /* Sources */,
				DAAF7FF5293E0B6C009092FB /* Frameworks */,
				DAAF7FF6293E0B6C009092FB /* Resources */,
			);
			buildRules = (
			);
			dependencies = (
			);
			name = "GraphQL-Country";
			packageProductDependencies = (
				DA1DC496293E12B400DC5143 /* Apollo */,
				DA1DC4AF293E49D100DC5143 /* CountriesAPI */,
			);
			productName = "GraphQL-Country";
			productReference = DAAF7FF8293E0B6C009092FB /* GraphQL-Country.app */;
			productType = "com.apple.product-type.application";
		};
/* End PBXNativeTarget section */

/* Begin PBXProject section */
		DAAF7FF0293E0B6C009092FB /* Project object */ = {
			isa = PBXProject;
			attributes = {
				BuildIndependentTargetsInParallel = 1;
				LastSwiftUpdateCheck = 1410;
				LastUpgradeCheck = 1410;
				TargetAttributes = {
					DAAF7FF7293E0B6C009092FB = {
						CreatedOnToolsVersion = 14.1;
					};
				};
			};
			buildConfigurationList = DAAF7FF3293E0B6C009092FB /* Build configuration list for PBXProject "GraphQL-Country" */;
			compatibilityVersion = "Xcode 14.0";
			developmentRegion = en;
			hasScannedForEncodings = 0;
			knownRegions = (
				en,
				Base,
			);
			mainGroup = DAAF7FEF293E0B6C009092FB;
			packageReferences = (
				DA1DC495293E12B300DC5143 /* XCRemoteSwiftPackageReference "apollo-ios" */,
			);
			productRefGroup = DAAF7FF9293E0B6C009092FB /* Products */;
			projectDirPath = "";
			projectRoot = "";
			targets = (
				DAAF7FF7293E0B6C009092FB /* GraphQL-Country */,
			);
		};
/* End PBXProject section */

/* Begin PBXResourcesBuildPhase section */
		DAAF7FF6293E0B6C009092FB /* Resources */ = {
			isa = PBXResourcesBuildPhase;
			buildActionMask = 2147483647;
			files = (
				DA1DC49C293E3C8900DC5143 /* Query.graphql in Resources */,
				DAAF8003293E0B6D009092FB /* Preview Assets.xcassets in Resources */,
				DA1DC49F293E412200DC5143 /* countries@current.graphqls in Resources */,
				DA27ED8D294B625C00BE3AC2 /* CountriesResponse.json in Resources */,
				DA1DC499293E3C0E00DC5143 /* schema.json in Resources */,
				DAAF8000293E0B6D009092FB /* Assets.xcassets in Resources */,
			);
			runOnlyForDeploymentPostprocessing = 0;
		};
/* End PBXResourcesBuildPhase section */

/* Begin PBXSourcesBuildPhase section */
		DAAF7FF4293E0B6C009092FB /* Sources */ = {
			isa = PBXSourcesBuildPhase;
			buildActionMask = 2147483647;
			files = (
				DA27ED91294B666A00BE3AC2 /* Country.swift in Sources */,
				DA27ED87294B379000BE3AC2 /* CountryList.swift in Sources */,
				DA27ED85294B368D00BE3AC2 /* CountryDetails.swift in Sources */,
				DA27ED95294CA9F900BE3AC2 /* FavouriteButton.swift in Sources */,
				DA27ED89294B381300BE3AC2 /* CountryListViewModel.swift in Sources */,
				DA1DC4AD293E47FD00DC5143 /* Apollo.swift in Sources */,
				DA27ED9A2950947000BE3AC2 /* CircularViewModifier.swift in Sources */,
				DA27ED8F294B642100BE3AC2 /* MockData.swift in Sources */,
				DA27ED8B294B38B100BE3AC2 /* CountryListRow.swift in Sources */,
				DAAF7FFC293E0B6C009092FB /* GraphQL_CountryApp.swift in Sources */,
				DA27ED9C2950DC8B00BE3AC2 /* MeasureSizeViewModifier.swift in Sources */,
			);
			runOnlyForDeploymentPostprocessing = 0;
		};
/* End PBXSourcesBuildPhase section */

/* Begin XCBuildConfiguration section */
		DAAF8004293E0B6D009092FB /* Debug */ = {
			isa = XCBuildConfiguration;
			buildSettings = {
				ALWAYS_SEARCH_USER_PATHS = NO;
				CLANG_ANALYZER_NONNULL = YES;
				CLANG_ANALYZER_NUMBER_OBJECT_CONVERSION = YES_AGGRESSIVE;
				CLANG_CXX_LANGUAGE_STANDARD = "gnu++20";
				CLANG_ENABLE_MODULES = YES;
				CLANG_ENABLE_OBJC_ARC = YES;
				CLANG_ENABLE_OBJC_WEAK = YES;
				CLANG_WARN_BLOCK_CAPTURE_AUTORELEASING = YES;
				CLANG_WARN_BOOL_CONVERSION = YES;
				CLANG_WARN_COMMA = YES;
				CLANG_WARN_CONSTANT_CONVERSION = YES;
				CLANG_WARN_DEPRECATED_OBJC_IMPLEMENTATIONS = YES;
				CLANG_WARN_DIRECT_OBJC_ISA_USAGE = YES_ERROR;
				CLANG_WARN_DOCUMENTATION_COMMENTS = YES;
				CLANG_WARN_EMPTY_BODY = YES;
				CLANG_WARN_ENUM_CONVERSION = YES;
				CLANG_WARN_INFINITE_RECURSION = YES;
				CLANG_WARN_INT_CONVERSION = YES;
				CLANG_WARN_NON_LITERAL_NULL_CONVERSION = YES;
				CLANG_WARN_OBJC_IMPLICIT_RETAIN_SELF = YES;
				CLANG_WARN_OBJC_LITERAL_CONVERSION = YES;
				CLANG_WARN_OBJC_ROOT_CLASS = YES_ERROR;
				CLANG_WARN_QUOTED_INCLUDE_IN_FRAMEWORK_HEADER = YES;
				CLANG_WARN_RANGE_LOOP_ANALYSIS = YES;
				CLANG_WARN_STRICT_PROTOTYPES = YES;
				CLANG_WARN_SUSPICIOUS_MOVE = YES;
				CLANG_WARN_UNGUARDED_AVAILABILITY = YES_AGGRESSIVE;
				CLANG_WARN_UNREACHABLE_CODE = YES;
				CLANG_WARN__DUPLICATE_METHOD_MATCH = YES;
				COPY_PHASE_STRIP = NO;
				DEBUG_INFORMATION_FORMAT = dwarf;
				ENABLE_STRICT_OBJC_MSGSEND = YES;
				ENABLE_TESTABILITY = YES;
				GCC_C_LANGUAGE_STANDARD = gnu11;
				GCC_DYNAMIC_NO_PIC = NO;
				GCC_NO_COMMON_BLOCKS = YES;
				GCC_OPTIMIZATION_LEVEL = 0;
				GCC_PREPROCESSOR_DEFINITIONS = (
					"DEBUG=1",
					"$(inherited)",
				);
				GCC_WARN_64_TO_32_BIT_CONVERSION = YES;
				GCC_WARN_ABOUT_RETURN_TYPE = YES_ERROR;
				GCC_WARN_UNDECLARED_SELECTOR = YES;
				GCC_WARN_UNINITIALIZED_AUTOS = YES_AGGRESSIVE;
				GCC_WARN_UNUSED_FUNCTION = YES;
				GCC_WARN_UNUSED_VARIABLE = YES;
				IPHONEOS_DEPLOYMENT_TARGET = 16.1;
				MTL_ENABLE_DEBUG_INFO = INCLUDE_SOURCE;
				MTL_FAST_MATH = YES;
				ONLY_ACTIVE_ARCH = YES;
				SDKROOT = iphoneos;
				SWIFT_ACTIVE_COMPILATION_CONDITIONS = DEBUG;
				SWIFT_OPTIMIZATION_LEVEL = "-Onone";
			};
			name = Debug;
		};
		DAAF8005293E0B6D009092FB /* Release */ = {
			isa = XCBuildConfiguration;
			buildSettings = {
				ALWAYS_SEARCH_USER_PATHS = NO;
				CLANG_ANALYZER_NONNULL = YES;
				CLANG_ANALYZER_NUMBER_OBJECT_CONVERSION = YES_AGGRESSIVE;
				CLANG_CXX_LANGUAGE_STANDARD = "gnu++20";
				CLANG_ENABLE_MODULES = YES;
				CLANG_ENABLE_OBJC_ARC = YES;
				CLANG_ENABLE_OBJC_WEAK = YES;
				CLANG_WARN_BLOCK_CAPTURE_AUTORELEASING = YES;
				CLANG_WARN_BOOL_CONVERSION = YES;
				CLANG_WARN_COMMA = YES;
				CLANG_WARN_CONSTANT_CONVERSION = YES;
				CLANG_WARN_DEPRECATED_OBJC_IMPLEMENTATIONS = YES;
				CLANG_WARN_DIRECT_OBJC_ISA_USAGE = YES_ERROR;
				CLANG_WARN_DOCUMENTATION_COMMENTS = YES;
				CLANG_WARN_EMPTY_BODY = YES;
				CLANG_WARN_ENUM_CONVERSION = YES;
				CLANG_WARN_INFINITE_RECURSION = YES;
				CLANG_WARN_INT_CONVERSION = YES;
				CLANG_WARN_NON_LITERAL_NULL_CONVERSION = YES;
				CLANG_WARN_OBJC_IMPLICIT_RETAIN_SELF = YES;
				CLANG_WARN_OBJC_LITERAL_CONVERSION = YES;
				CLANG_WARN_OBJC_ROOT_CLASS = YES_ERROR;
				CLANG_WARN_QUOTED_INCLUDE_IN_FRAMEWORK_HEADER = YES;
				CLANG_WARN_RANGE_LOOP_ANALYSIS = YES;
				CLANG_WARN_STRICT_PROTOTYPES = YES;
				CLANG_WARN_SUSPICIOUS_MOVE = YES;
				CLANG_WARN_UNGUARDED_AVAILABILITY = YES_AGGRESSIVE;
				CLANG_WARN_UNREACHABLE_CODE = YES;
				CLANG_WARN__DUPLICATE_METHOD_MATCH = YES;
				COPY_PHASE_STRIP = NO;
				DEBUG_INFORMATION_FORMAT = "dwarf-with-dsym";
				ENABLE_NS_ASSERTIONS = NO;
				ENABLE_STRICT_OBJC_MSGSEND = YES;
				GCC_C_LANGUAGE_STANDARD = gnu11;
				GCC_NO_COMMON_BLOCKS = YES;
				GCC_WARN_64_TO_32_BIT_CONVERSION = YES;
				GCC_WARN_ABOUT_RETURN_TYPE = YES_ERROR;
				GCC_WARN_UNDECLARED_SELECTOR = YES;
				GCC_WARN_UNINITIALIZED_AUTOS = YES_AGGRESSIVE;
				GCC_WARN_UNUSED_FUNCTION = YES;
				GCC_WARN_UNUSED_VARIABLE = YES;
				IPHONEOS_DEPLOYMENT_TARGET = 16.1;
				MTL_ENABLE_DEBUG_INFO = NO;
				MTL_FAST_MATH = YES;
				SDKROOT = iphoneos;
				SWIFT_COMPILATION_MODE = wholemodule;
				SWIFT_OPTIMIZATION_LEVEL = "-O";
				VALIDATE_PRODUCT = YES;
			};
			name = Release;
		};
		DAAF8007293E0B6D009092FB /* Debug */ = {
			isa = XCBuildConfiguration;
			buildSettings = {
				ASSETCATALOG_COMPILER_APPICON_NAME = AppIcon;
				ASSETCATALOG_COMPILER_GLOBAL_ACCENT_COLOR_NAME = AccentColor;
				CODE_SIGN_STYLE = Automatic;
				CURRENT_PROJECT_VERSION = 1;
				DEVELOPMENT_ASSET_PATHS = "\"GraphQL-Country/Preview Content\"";
				ENABLE_PREVIEWS = YES;
				GENERATE_INFOPLIST_FILE = YES;
				INFOPLIST_KEY_UIApplicationSceneManifest_Generation = YES;
				INFOPLIST_KEY_UIApplicationSupportsIndirectInputEvents = YES;
				INFOPLIST_KEY_UILaunchScreen_Generation = YES;
				INFOPLIST_KEY_UISupportedInterfaceOrientations_iPad = "UIInterfaceOrientationPortrait UIInterfaceOrientationPortraitUpsideDown UIInterfaceOrientationLandscapeLeft UIInterfaceOrientationLandscapeRight";
				INFOPLIST_KEY_UISupportedInterfaceOrientations_iPhone = "UIInterfaceOrientationPortrait UIInterfaceOrientationLandscapeLeft UIInterfaceOrientationLandscapeRight";
				LD_RUNPATH_SEARCH_PATHS = (
					"$(inherited)",
					"@executable_path/Frameworks",
				);
				MARKETING_VERSION = 1.0;
				PRODUCT_BUNDLE_IDENTIFIER = "com.example.apple-samplecode.GraphQL-Country";
				PRODUCT_NAME = "$(TARGET_NAME)";
				SWIFT_EMIT_LOC_STRINGS = YES;
				SWIFT_VERSION = 5.0;
				TARGETED_DEVICE_FAMILY = "1,2";
			};
			name = Debug;
		};
		DAAF8008293E0B6D009092FB /* Release */ = {
			isa = XCBuildConfiguration;
			buildSettings = {
				ASSETCATALOG_COMPILER_APPICON_NAME = AppIcon;
				ASSETCATALOG_COMPILER_GLOBAL_ACCENT_COLOR_NAME = AccentColor;
				CODE_SIGN_STYLE = Automatic;
				CURRENT_PROJECT_VERSION = 1;
				DEVELOPMENT_ASSET_PATHS = "\"GraphQL-Country/Preview Content\"";
				ENABLE_PREVIEWS = YES;
				GENERATE_INFOPLIST_FILE = YES;
				INFOPLIST_KEY_UIApplicationSceneManifest_Generation = YES;
				INFOPLIST_KEY_UIApplicationSupportsIndirectInputEvents = YES;
				INFOPLIST_KEY_UILaunchScreen_Generation = YES;
				INFOPLIST_KEY_UISupportedInterfaceOrientations_iPad = "UIInterfaceOrientationPortrait UIInterfaceOrientationPortraitUpsideDown UIInterfaceOrientationLandscapeLeft UIInterfaceOrientationLandscapeRight";
				INFOPLIST_KEY_UISupportedInterfaceOrientations_iPhone = "UIInterfaceOrientationPortrait UIInterfaceOrientationLandscapeLeft UIInterfaceOrientationLandscapeRight";
				LD_RUNPATH_SEARCH_PATHS = (
					"$(inherited)",
					"@executable_path/Frameworks",
				);
				MARKETING_VERSION = 1.0;
				PRODUCT_BUNDLE_IDENTIFIER = "com.example.apple-samplecode.GraphQL-Country";
				PRODUCT_NAME = "$(TARGET_NAME)";
				SWIFT_EMIT_LOC_STRINGS = YES;
				SWIFT_VERSION = 5.0;
				TARGETED_DEVICE_FAMILY = "1,2";
			};
			name = Release;
		};
/* End XCBuildConfiguration section */

/* Begin XCConfigurationList section */
		DAAF7FF3293E0B6C009092FB /* Build configuration list for PBXProject "GraphQL-Country" */ = {
			isa = XCConfigurationList;
			buildConfigurations = (
				DAAF8004293E0B6D009092FB /* Debug */,
				DAAF8005293E0B6D009092FB /* Release */,
			);
			defaultConfigurationIsVisible = 0;
			defaultConfigurationName = Release;
		};
		DAAF8006293E0B6D009092FB /* Build configuration list for PBXNativeTarget "GraphQL-Country" */ = {
			isa = XCConfigurationList;
			buildConfigurations = (
				DAAF8007293E0B6D009092FB /* Debug */,
				DAAF8008293E0B6D009092FB /* Release */,
			);
			defaultConfigurationIsVisible = 0;
			defaultConfigurationName = Release;
		};
/* End XCConfigurationList section */

/* Begin XCRemoteSwiftPackageReference section */
		DA1DC495293E12B300DC5143 /* XCRemoteSwiftPackageReference "apollo-ios" */ = {
			isa = XCRemoteSwiftPackageReference;
			repositoryURL = "https://github.com/apollographql/apollo-ios.git";
			requirement = {
				kind = upToNextMajorVersion;
				minimumVersion = 1.0.0;
			};
		};
/* End XCRemoteSwiftPackageReference section */

/* Begin XCSwiftPackageProductDependency section */
		DA1DC496293E12B400DC5143 /* Apollo */ = {
			isa = XCSwiftPackageProductDependency;
			package = DA1DC495293E12B300DC5143 /* XCRemoteSwiftPackageReference "apollo-ios" */;
			productName = Apollo;
		};
		DA1DC4AF293E49D100DC5143 /* CountriesAPI */ = {
			isa = XCSwiftPackageProductDependency;
			productName = CountriesAPI;
		};
/* End XCSwiftPackageProductDependency section */
	};
	rootObject = DAAF7FF0293E0B6C009092FB /* Project object */;
}
